
Microsoft Visual Studio Solution File, Format Version 12.00
Project("{FAE04EC0-301F-11D3-BF4B-00C04F79EFBC}") = "UserAuthenticationSystem", "UserAuthenticationSystem\UserAuthenticationSystem.csproj", "{4A8A9BB7-BB80-4002-BB43-3AF0E345F07A}"
EndProject
Global
	GlobalSection(SolutionConfigurationPlatforms) = preSolution
		Debug|Any CPU = Debug|Any CPU
		Release|Any CPU = Release|Any CPU
	EndGlobalSection
	GlobalSection(ProjectConfigurationPlatforms) = postSolution
		{4A8A9BB7-BB80-4002-BB43-3AF0E345F07A}.Debug|Any CPU.ActiveCfg = Debug|Any CPU
		{4A8A9BB7-BB80-4002-BB43-3AF0E345F07A}.Debug|Any CPU.Build.0 = Debug|Any CPU
		{4A8A9BB7-BB80-4002-BB43-3AF0E345F07A}.Release|Any CPU.ActiveCfg = Release|Any CPU
		{4A8A9BB7-BB80-4002-BB43-3AF0E345F07A}.Release|Any CPU.Build.0 = Release|Any CPU
	EndGlobalSection
EndGlobal
